// !$*UTF8*$!
{
	archiveVersion = 1;
	classes = {
	};
	objectVersion = 46;
	objects = {

/* Begin PBXBuildFile section */
		3C26E0EDD094B5BB1F1609D3 /* Pods_fights.framework in Frameworks */ = {isa = PBXBuildFile; fileRef = D2D8683F9E96891F7A3AE6F4 /* Pods_fights.framework */; };
		DA181D1E1F23845C0050229E /* Mygame+CoreDataClass.swift in Sources */ = {isa = PBXBuildFile; fileRef = DA181D1C1F23845C0050229E /* Mygame+CoreDataClass.swift */; };
		DA181D1F1F23845C0050229E /* Mygame+CoreDataProperties.swift in Sources */ = {isa = PBXBuildFile; fileRef = DA181D1D1F23845C0050229E /* Mygame+CoreDataProperties.swift */; };
		DA5599471F24F9D300139833 /* GameDetail.swift in Sources */ = {isa = PBXBuildFile; fileRef = DA5599461F24F9D300139833 /* GameDetail.swift */; };
		DA5599491F2694F200139833 /* AddComment.swift in Sources */ = {isa = PBXBuildFile; fileRef = DA5599481F2694F200139833 /* AddComment.swift */; };
		DA55994B1F269DFD00139833 /* CommentTableViewCell.swift in Sources */ = {isa = PBXBuildFile; fileRef = DA55994A1F269DFD00139833 /* CommentTableViewCell.swift */; };
		DA55994D1F273F6E00139833 /* AllGames.swift in Sources */ = {isa = PBXBuildFile; fileRef = DA55994C1F273F6E00139833 /* AllGames.swift */; };
		DA7B1D9C1F274BEA009ED9CF /* EditLogin.swift in Sources */ = {isa = PBXBuildFile; fileRef = DA7B1D9B1F274BEA009ED9CF /* EditLogin.swift */; };
		DA7B1DA11F274C52009ED9CF /* Profile.swift in Sources */ = {isa = PBXBuildFile; fileRef = DA7B1DA01F274C52009ED9CF /* Profile.swift */; };
		DAFFF8E81F163E0400AF6771 /* AppDelegate.swift in Sources */ = {isa = PBXBuildFile; fileRef = DAFFF8E71F163E0400AF6771 /* AppDelegate.swift */; };
		DAFFF8EA1F163E0400AF6771 /* ViewController.swift in Sources */ = {isa = PBXBuildFile; fileRef = DAFFF8E91F163E0400AF6771 /* ViewController.swift */; };
		DAFFF8ED1F163E0400AF6771 /* Main.storyboard in Resources */ = {isa = PBXBuildFile; fileRef = DAFFF8EB1F163E0400AF6771 /* Main.storyboard */; };
		DAFFF8F01F163E0400AF6771 /* fights.xcdatamodeld in Sources */ = {isa = PBXBuildFile; fileRef = DAFFF8EE1F163E0400AF6771 /* fights.xcdatamodeld */; };
		DAFFF8F21F163E0400AF6771 /* Assets.xcassets in Resources */ = {isa = PBXBuildFile; fileRef = DAFFF8F11F163E0400AF6771 /* Assets.xcassets */; };
		DAFFF8F51F163E0400AF6771 /* LaunchScreen.storyboard in Resources */ = {isa = PBXBuildFile; fileRef = DAFFF8F31F163E0400AF6771 /* LaunchScreen.storyboard */; };
		DAFFF8FF1F16449000AF6771 /* logo.png in Resources */ = {isa = PBXBuildFile; fileRef = DAFFF8FE1F16449000AF6771 /* logo.png */; };
		DAFFF9021F168F4F00AF6771 /* DatabaseController.swift in Sources */ = {isa = PBXBuildFile; fileRef = DAFFF9011F168F4F00AF6771 /* DatabaseController.swift */; };
		DAFFF90B1F1693E300AF6771 /* Comment+CoreDataClass.swift in Sources */ = {isa = PBXBuildFile; fileRef = DAFFF9031F1693E300AF6771 /* Comment+CoreDataClass.swift */; };
		DAFFF90C1F1693E300AF6771 /* Comment+CoreDataProperties.swift in Sources */ = {isa = PBXBuildFile; fileRef = DAFFF9041F1693E300AF6771 /* Comment+CoreDataProperties.swift */; };
		DAFFF90D1F1693E300AF6771 /* Club+CoreDataClass.swift in Sources */ = {isa = PBXBuildFile; fileRef = DAFFF9051F1693E300AF6771 /* Club+CoreDataClass.swift */; };
		DAFFF90E1F1693E300AF6771 /* Club+CoreDataProperties.swift in Sources */ = {isa = PBXBuildFile; fileRef = DAFFF9061F1693E300AF6771 /* Club+CoreDataProperties.swift */; };
		DAFFF90F1F1693E300AF6771 /* Game+CoreDataClass.swift in Sources */ = {isa = PBXBuildFile; fileRef = DAFFF9071F1693E300AF6771 /* Game+CoreDataClass.swift */; };
		DAFFF9101F1693E300AF6771 /* Game+CoreDataProperties.swift in Sources */ = {isa = PBXBuildFile; fileRef = DAFFF9081F1693E300AF6771 /* Game+CoreDataProperties.swift */; };
		DAFFF9111F1693E300AF6771 /* Player+CoreDataClass.swift in Sources */ = {isa = PBXBuildFile; fileRef = DAFFF9091F1693E300AF6771 /* Player+CoreDataClass.swift */; };
		DAFFF9121F1693E300AF6771 /* Player+CoreDataProperties.swift in Sources */ = {isa = PBXBuildFile; fileRef = DAFFF90A1F1693E300AF6771 /* Player+CoreDataProperties.swift */; };
		DAFFF9191F16CEB000AF6771 /* MyGamesTableViewController.swift in Sources */ = {isa = PBXBuildFile; fileRef = DAFFF9181F16CEB000AF6771 /* MyGamesTableViewController.swift */; };
		DAFFF91B1F16CF0200AF6771 /* GameTableViewCell.swift in Sources */ = {isa = PBXBuildFile; fileRef = DAFFF91A1F16CF0200AF6771 /* GameTableViewCell.swift */; };
/* End PBXBuildFile section */

/* Begin PBXFileReference section */
		06EC804A4DFF71C69DBEAB78 /* Pods-fights.debug.xcconfig */ = {isa = PBXFileReference; includeInIndex = 1; lastKnownFileType = text.xcconfig; name = "Pods-fights.debug.xcconfig"; path = "Pods/Target Support Files/Pods-fights/Pods-fights.debug.xcconfig"; sourceTree = "<group>"; };
		D2D8683F9E96891F7A3AE6F4 /* Pods_fights.framework */ = {isa = PBXFileReference; explicitFileType = wrapper.framework; includeInIndex = 0; path = Pods_fights.framework; sourceTree = BUILT_PRODUCTS_DIR; };
		DA181D1C1F23845C0050229E /* Mygame+CoreDataClass.swift */ = {isa = PBXFileReference; fileEncoding = 4; lastKnownFileType = sourcecode.swift; path = "Mygame+CoreDataClass.swift"; sourceTree = "<group>"; };
		DA181D1D1F23845C0050229E /* Mygame+CoreDataProperties.swift */ = {isa = PBXFileReference; fileEncoding = 4; lastKnownFileType = sourcecode.swift; path = "Mygame+CoreDataProperties.swift"; sourceTree = "<group>"; };
		DA5599461F24F9D300139833 /* GameDetail.swift */ = {isa = PBXFileReference; fileEncoding = 4; lastKnownFileType = sourcecode.swift; path = GameDetail.swift; sourceTree = "<group>"; };
		DA5599481F2694F200139833 /* AddComment.swift */ = {isa = PBXFileReference; fileEncoding = 4; lastKnownFileType = sourcecode.swift; path = AddComment.swift; sourceTree = "<group>"; };
		DA55994A1F269DFD00139833 /* CommentTableViewCell.swift */ = {isa = PBXFileReference; fileEncoding = 4; lastKnownFileType = sourcecode.swift; path = CommentTableViewCell.swift; sourceTree = "<group>"; };
		DA55994C1F273F6E00139833 /* AllGames.swift */ = {isa = PBXFileReference; fileEncoding = 4; lastKnownFileType = sourcecode.swift; path = AllGames.swift; sourceTree = "<group>"; };
		DA7B1D9B1F274BEA009ED9CF /* EditLogin.swift */ = {isa = PBXFileReference; fileEncoding = 4; lastKnownFileType = sourcecode.swift; path = EditLogin.swift; sourceTree = "<group>"; };
		DA7B1DA01F274C52009ED9CF /* Profile.swift */ = {isa = PBXFileReference; fileEncoding = 4; lastKnownFileType = sourcecode.swift; path = Profile.swift; sourceTree = "<group>"; };
		DAFFF8E41F163E0400AF6771 /* fights.app */ = {isa = PBXFileReference; explicitFileType = wrapper.application; includeInIndex = 0; path = fights.app; sourceTree = BUILT_PRODUCTS_DIR; };
		DAFFF8E71F163E0400AF6771 /* AppDelegate.swift */ = {isa = PBXFileReference; lastKnownFileType = sourcecode.swift; path = AppDelegate.swift; sourceTree = "<group>"; };
		DAFFF8E91F163E0400AF6771 /* ViewController.swift */ = {isa = PBXFileReference; lastKnownFileType = sourcecode.swift; path = ViewController.swift; sourceTree = "<group>"; };
		DAFFF8EC1F163E0400AF6771 /* Base */ = {isa = PBXFileReference; lastKnownFileType = file.storyboard; name = Base; path = Base.lproj/Main.storyboard; sourceTree = "<group>"; };
		DAFFF8EF1F163E0400AF6771 /* fights.xcdatamodel */ = {isa = PBXFileReference; lastKnownFileType = wrapper.xcdatamodel; path = fights.xcdatamodel; sourceTree = "<group>"; };
		DAFFF8F11F163E0400AF6771 /* Assets.xcassets */ = {isa = PBXFileReference; lastKnownFileType = folder.assetcatalog; path = Assets.xcassets; sourceTree = "<group>"; };
		DAFFF8F41F163E0400AF6771 /* Base */ = {isa = PBXFileReference; lastKnownFileType = file.storyboard; name = Base; path = Base.lproj/LaunchScreen.storyboard; sourceTree = "<group>"; };
		DAFFF8F61F163E0400AF6771 /* Info.plist */ = {isa = PBXFileReference; lastKnownFileType = text.plist.xml; path = Info.plist; sourceTree = "<group>"; };
		DAFFF8FE1F16449000AF6771 /* logo.png */ = {isa = PBXFileReference; lastKnownFileType = image.png; path = logo.png; sourceTree = "<group>"; };
		DAFFF9011F168F4F00AF6771 /* DatabaseController.swift */ = {isa = PBXFileReference; fileEncoding = 4; lastKnownFileType = sourcecode.swift; path = DatabaseController.swift; sourceTree = "<group>"; };
		DAFFF9031F1693E300AF6771 /* Comment+CoreDataClass.swift */ = {isa = PBXFileReference; fileEncoding = 4; lastKnownFileType = sourcecode.swift; path = "Comment+CoreDataClass.swift"; sourceTree = "<group>"; };
		DAFFF9041F1693E300AF6771 /* Comment+CoreDataProperties.swift */ = {isa = PBXFileReference; fileEncoding = 4; lastKnownFileType = sourcecode.swift; path = "Comment+CoreDataProperties.swift"; sourceTree = "<group>"; };
		DAFFF9051F1693E300AF6771 /* Club+CoreDataClass.swift */ = {isa = PBXFileReference; fileEncoding = 4; lastKnownFileType = sourcecode.swift; path = "Club+CoreDataClass.swift"; sourceTree = "<group>"; };
		DAFFF9061F1693E300AF6771 /* Club+CoreDataProperties.swift */ = {isa = PBXFileReference; fileEncoding = 4; lastKnownFileType = sourcecode.swift; path = "Club+CoreDataProperties.swift"; sourceTree = "<group>"; };
		DAFFF9071F1693E300AF6771 /* Game+CoreDataClass.swift */ = {isa = PBXFileReference; fileEncoding = 4; lastKnownFileType = sourcecode.swift; path = "Game+CoreDataClass.swift"; sourceTree = "<group>"; };
		DAFFF9081F1693E300AF6771 /* Game+CoreDataProperties.swift */ = {isa = PBXFileReference; fileEncoding = 4; lastKnownFileType = sourcecode.swift; path = "Game+CoreDataProperties.swift"; sourceTree = "<group>"; };
		DAFFF9091F1693E300AF6771 /* Player+CoreDataClass.swift */ = {isa = PBXFileReference; fileEncoding = 4; lastKnownFileType = sourcecode.swift; path = "Player+CoreDataClass.swift"; sourceTree = "<group>"; };
		DAFFF90A1F1693E300AF6771 /* Player+CoreDataProperties.swift */ = {isa = PBXFileReference; fileEncoding = 4; lastKnownFileType = sourcecode.swift; path = "Player+CoreDataProperties.swift"; sourceTree = "<group>"; };
		DAFFF9181F16CEB000AF6771 /* MyGamesTableViewController.swift */ = {isa = PBXFileReference; fileEncoding = 4; lastKnownFileType = sourcecode.swift; path = MyGamesTableViewController.swift; sourceTree = "<group>"; };
		DAFFF91A1F16CF0200AF6771 /* GameTableViewCell.swift */ = {isa = PBXFileReference; fileEncoding = 4; lastKnownFileType = sourcecode.swift; path = GameTableViewCell.swift; sourceTree = "<group>"; };
		DD694CE643160B9CE9140F59 /* Pods-fights.release.xcconfig */ = {isa = PBXFileReference; includeInIndex = 1; lastKnownFileType = text.xcconfig; name = "Pods-fights.release.xcconfig"; path = "Pods/Target Support Files/Pods-fights/Pods-fights.release.xcconfig"; sourceTree = "<group>"; };
/* End PBXFileReference section */

/* Begin PBXFrameworksBuildPhase section */
		DAFFF8E11F163E0400AF6771 /* Frameworks */ = {
			isa = PBXFrameworksBuildPhase;
			buildActionMask = 2147483647;
			files = (
				3C26E0EDD094B5BB1F1609D3 /* Pods_fights.framework in Frameworks */,
			);
			runOnlyForDeploymentPostprocessing = 0;
		};
/* End PBXFrameworksBuildPhase section */

/* Begin PBXGroup section */
		60D8D4B2469FC00292D0A8E3 /* Frameworks */ = {
			isa = PBXGroup;
			children = (
				D2D8683F9E96891F7A3AE6F4 /* Pods_fights.framework */,
			);
			name = Frameworks;
			sourceTree = "<group>";
		};
		D6CAB63692023118AED854EA /* Pods */ = {
			isa = PBXGroup;
			children = (
				06EC804A4DFF71C69DBEAB78 /* Pods-fights.debug.xcconfig */,
				DD694CE643160B9CE9140F59 /* Pods-fights.release.xcconfig */,
			);
			name = Pods;
			sourceTree = "<group>";
		};
		DA7B1D9F1F274C04009ED9CF /* profile */ = {
			isa = PBXGroup;
			children = (
				DA7B1DA01F274C52009ED9CF /* Profile.swift */,
				DA7B1D9B1F274BEA009ED9CF /* EditLogin.swift */,
			);
			name = profile;
			sourceTree = "<group>";
		};
		DAE9D6301F239249009EC859 /* Games */ = {
			isa = PBXGroup;
			children = (
				DA55994C1F273F6E00139833 /* AllGames.swift */,
				DA5599461F24F9D300139833 /* GameDetail.swift */,
				DAFFF91A1F16CF0200AF6771 /* GameTableViewCell.swift */,
				DA55994A1F269DFD00139833 /* CommentTableViewCell.swift */,
				DAFFF9181F16CEB000AF6771 /* MyGamesTableViewController.swift */,
				DA5599481F2694F200139833 /* AddComment.swift */,
			);
			name = Games;
			sourceTree = "<group>";
		};
		DAFFF8DB1F163E0400AF6771 = {
			isa = PBXGroup;
			children = (
				DAFFF8E61F163E0400AF6771 /* fights */,
				DAFFF8E51F163E0400AF6771 /* Products */,
				D6CAB63692023118AED854EA /* Pods */,
				60D8D4B2469FC00292D0A8E3 /* Frameworks */,
			);
			sourceTree = "<group>";
		};
		DAFFF8E51F163E0400AF6771 /* Products */ = {
			isa = PBXGroup;
			children = (
				DAFFF8E41F163E0400AF6771 /* fights.app */,
			);
			name = Products;
			sourceTree = "<group>";
		};
		DAFFF8E61F163E0400AF6771 /* fights */ = {
			isa = PBXGroup;
			children = (
				DAFFF9131F1693EB00AF6771 /* models */,
				DAFFF8E91F163E0400AF6771 /* ViewController.swift */,
				DA7B1D9F1F274C04009ED9CF /* profile */,
				DAE9D6301F239249009EC859 /* Games */,
				DAFFF9011F168F4F00AF6771 /* DatabaseController.swift */,
				DAFFF8EB1F163E0400AF6771 /* Main.storyboard */,
				DAFFF8E71F163E0400AF6771 /* AppDelegate.swift */,
				DAFFF8F11F163E0400AF6771 /* Assets.xcassets */,
				DAFFF8F31F163E0400AF6771 /* LaunchScreen.storyboard */,
				DAFFF8F61F163E0400AF6771 /* Info.plist */,
				DAFFF9001F16449500AF6771 /* images */,
				DAFFF8EE1F163E0400AF6771 /* fights.xcdatamodeld */,
			);
			path = fights;
			sourceTree = "<group>";
		};
		DAFFF9001F16449500AF6771 /* images */ = {
			isa = PBXGroup;
			children = (
				DAFFF8FE1F16449000AF6771 /* logo.png */,
			);
			name = images;
			sourceTree = "<group>";
		};
		DAFFF9131F1693EB00AF6771 /* models */ = {
			isa = PBXGroup;
			children = (
				DA181D1C1F23845C0050229E /* Mygame+CoreDataClass.swift */,
				DA181D1D1F23845C0050229E /* Mygame+CoreDataProperties.swift */,
				DAFFF9031F1693E300AF6771 /* Comment+CoreDataClass.swift */,
				DAFFF9041F1693E300AF6771 /* Comment+CoreDataProperties.swift */,
				DAFFF9051F1693E300AF6771 /* Club+CoreDataClass.swift */,
				DAFFF9061F1693E300AF6771 /* Club+CoreDataProperties.swift */,
				DAFFF9071F1693E300AF6771 /* Game+CoreDataClass.swift */,
				DAFFF9081F1693E300AF6771 /* Game+CoreDataProperties.swift */,
				DAFFF9091F1693E300AF6771 /* Player+CoreDataClass.swift */,
				DAFFF90A1F1693E300AF6771 /* Player+CoreDataProperties.swift */,
			);
			name = models;
			sourceTree = "<group>";
		};
/* End PBXGroup section */

/* Begin PBXNativeTarget section */
		DAFFF8E31F163E0400AF6771 /* fights */ = {
			isa = PBXNativeTarget;
			buildConfigurationList = DAFFF8F91F163E0400AF6771 /* Build configuration list for PBXNativeTarget "fights" */;
			buildPhases = (
				0D2322B7A76E17CD51D8FF51 /* [CP] Check Pods Manifest.lock */,
				DAFFF8E01F163E0400AF6771 /* Sources */,
				DAFFF8E11F163E0400AF6771 /* Frameworks */,
				DAFFF8E21F163E0400AF6771 /* Resources */,
				E2B6A19CFB0BE4A392BC6215 /* [CP] Embed Pods Frameworks */,
				F0AEECB39F788F2E9D586BBF /* [CP] Copy Pods Resources */,
			);
			buildRules = (
			);
			dependencies = (
			);
			name = fights;
			productName = fights;
			productReference = DAFFF8E41F163E0400AF6771 /* fights.app */;
			productType = "com.apple.product-type.application";
		};
/* End PBXNativeTarget section */

/* Begin PBXProject section */
		DAFFF8DC1F163E0400AF6771 /* Project object */ = {
			isa = PBXProject;
			attributes = {
				LastSwiftUpdateCheck = 0830;
				LastUpgradeCheck = 0830;
				ORGANIZATIONNAME = Styleru;
				TargetAttributes = {
					DAFFF8E31F163E0400AF6771 = {
						CreatedOnToolsVersion = 8.3.3;
						DevelopmentTeam = 4RWLL37A47;
						LastSwiftMigration = 0830;
						ProvisioningStyle = Automatic;
					};
				};
			};
			buildConfigurationList = DAFFF8DF1F163E0400AF6771 /* Build configuration list for PBXProject "fights" */;
			compatibilityVersion = "Xcode 3.2";
			developmentRegion = English;
			hasScannedForEncodings = 0;
			knownRegions = (
				en,
				Base,
			);
			mainGroup = DAFFF8DB1F163E0400AF6771;
			productRefGroup = DAFFF8E51F163E0400AF6771 /* Products */;
			projectDirPath = "";
			projectRoot = "";
			targets = (
				DAFFF8E31F163E0400AF6771 /* fights */,
			);
		};
/* End PBXProject section */

/* Begin PBXResourcesBuildPhase section */
		DAFFF8E21F163E0400AF6771 /* Resources */ = {
			isa = PBXResourcesBuildPhase;
			buildActionMask = 2147483647;
			files = (
				DAFFF8FF1F16449000AF6771 /* logo.png in Resources */,
				DAFFF8F51F163E0400AF6771 /* LaunchScreen.storyboard in Resources */,
				DAFFF8F21F163E0400AF6771 /* Assets.xcassets in Resources */,
				DAFFF8ED1F163E0400AF6771 /* Main.storyboard in Resources */,
			);
			runOnlyForDeploymentPostprocessing = 0;
		};
/* End PBXResourcesBuildPhase section */

/* Begin PBXShellScriptBuildPhase section */
		0D2322B7A76E17CD51D8FF51 /* [CP] Check Pods Manifest.lock */ = {
			isa = PBXShellScriptBuildPhase;
			buildActionMask = 2147483647;
			files = (
			);
			inputPaths = (
			);
			name = "[CP] Check Pods Manifest.lock";
			outputPaths = (
			);
			runOnlyForDeploymentPostprocessing = 0;
			shellPath = /bin/sh;
			shellScript = "diff \"${PODS_ROOT}/../Podfile.lock\" \"${PODS_ROOT}/Manifest.lock\" > /dev/null\nif [[ $? != 0 ]] ; then\n    cat << EOM\nerror: The sandbox is not in sync with the Podfile.lock. Run 'pod install' or update your CocoaPods installation.\nEOM\n    exit 1\nfi\n";
			showEnvVarsInLog = 0;
		};
		E2B6A19CFB0BE4A392BC6215 /* [CP] Embed Pods Frameworks */ = {
			isa = PBXShellScriptBuildPhase;
			buildActionMask = 2147483647;
			files = (
			);
			inputPaths = (
			);
			name = "[CP] Embed Pods Frameworks";
			outputPaths = (
			);
			runOnlyForDeploymentPostprocessing = 0;
			shellPath = /bin/sh;
			shellScript = "\"${SRCROOT}/Pods/Target Support Files/Pods-fights/Pods-fights-frameworks.sh\"\n";
			showEnvVarsInLog = 0;
		};
		F0AEECB39F788F2E9D586BBF /* [CP] Copy Pods Resources */ = {
			isa = PBXShellScriptBuildPhase;
			buildActionMask = 2147483647;
			files = (
			);
			inputPaths = (
			);
			name = "[CP] Copy Pods Resources";
			outputPaths = (
			);
			runOnlyForDeploymentPostprocessing = 0;
			shellPath = /bin/sh;
			shellScript = "\"${SRCROOT}/Pods/Target Support Files/Pods-fights/Pods-fights-resources.sh\"\n";
			showEnvVarsInLog = 0;
		};
/* End PBXShellScriptBuildPhase section */

/* Begin PBXSourcesBuildPhase section */
		DAFFF8E01F163E0400AF6771 /* Sources */ = {
			isa = PBXSourcesBuildPhase;
			buildActionMask = 2147483647;
			files = (
				DA181D1E1F23845C0050229E /* Mygame+CoreDataClass.swift in Sources */,
				DAFFF8EA1F163E0400AF6771 /* ViewController.swift in Sources */,
				DAFFF90E1F1693E300AF6771 /* Club+CoreDataProperties.swift in Sources */,
				DA55994D1F273F6E00139833 /* AllGames.swift in Sources */,
				DAFFF9121F1693E300AF6771 /* Player+CoreDataProperties.swift in Sources */,
				DAFFF8F01F163E0400AF6771 /* fights.xcdatamodeld in Sources */,
				DA181D1F1F23845C0050229E /* Mygame+CoreDataProperties.swift in Sources */,
				DAFFF9111F1693E300AF6771 /* Player+CoreDataClass.swift in Sources */,
				DA5599491F2694F200139833 /* AddComment.swift in Sources */,
				DAFFF9021F168F4F00AF6771 /* DatabaseController.swift in Sources */,
				DA5599471F24F9D300139833 /* GameDetail.swift in Sources */,
				DAFFF8E81F163E0400AF6771 /* AppDelegate.swift in Sources */,
				DAFFF91B1F16CF0200AF6771 /* GameTableViewCell.swift in Sources */,
				DA7B1D9C1F274BEA009ED9CF /* EditLogin.swift in Sources */,
				DAFFF90C1F1693E300AF6771 /* Comment+CoreDataProperties.swift in Sources */,
				DAFFF9191F16CEB000AF6771 /* MyGamesTableViewController.swift in Sources */,
				DAFFF90D1F1693E300AF6771 /* Club+CoreDataClass.swift in Sources */,
				DAFFF90B1F1693E300AF6771 /* Comment+CoreDataClass.swift in Sources */,
				DA55994B1F269DFD00139833 /* CommentTableViewCell.swift in Sources */,
				DA7B1DA11F274C52009ED9CF /* Profile.swift in Sources */,
				DAFFF90F1F1693E300AF6771 /* Game+CoreDataClass.swift in Sources */,
				DAFFF9101F1693E300AF6771 /* Game+CoreDataProperties.swift in Sources */,
			);
			runOnlyForDeploymentPostprocessing = 0;
		};
/* End PBXSourcesBuildPhase section */

/* Begin PBXVariantGroup section */
		DAFFF8EB1F163E0400AF6771 /* Main.storyboard */ = {
			isa = PBXVariantGroup;
			children = (
				DAFFF8EC1F163E0400AF6771 /* Base */,
			);
			name = Main.storyboard;
			sourceTree = "<group>";
		};
		DAFFF8F31F163E0400AF6771 /* LaunchScreen.storyboard */ = {
			isa = PBXVariantGroup;
			children = (
				DAFFF8F41F163E0400AF6771 /* Base */,
			);
			name = LaunchScreen.storyboard;
			sourceTree = "<group>";
		};
/* End PBXVariantGroup section */

/* Begin XCBuildConfiguration section */
		DAFFF8F71F163E0400AF6771 /* Debug */ = {
			isa = XCBuildConfiguration;
			buildSettings = {
				ALWAYS_SEARCH_USER_PATHS = NO;
				CLANG_ANALYZER_NONNULL = YES;
				CLANG_ANALYZER_NUMBER_OBJECT_CONVERSION = YES_AGGRESSIVE;
				CLANG_CXX_LANGUAGE_STANDARD = "gnu++0x";
				CLANG_CXX_LIBRARY = "libc++";
				CLANG_ENABLE_MODULES = YES;
				CLANG_ENABLE_OBJC_ARC = YES;
				CLANG_WARN_BOOL_CONVERSION = YES;
				CLANG_WARN_CONSTANT_CONVERSION = YES;
				CLANG_WARN_DIRECT_OBJC_ISA_USAGE = YES_ERROR;
				CLANG_WARN_DOCUMENTATION_COMMENTS = YES;
				CLANG_WARN_EMPTY_BODY = YES;
				CLANG_WARN_ENUM_CONVERSION = YES;
				CLANG_WARN_INFINITE_RECURSION = YES;
				CLANG_WARN_INT_CONVERSION = YES;
				CLANG_WARN_OBJC_ROOT_CLASS = YES_ERROR;
				CLANG_WARN_SUSPICIOUS_MOVE = YES;
				CLANG_WARN_UNREACHABLE_CODE = YES;
				CLANG_WARN__DUPLICATE_METHOD_MATCH = YES;
				"CODE_SIGN_IDENTITY[sdk=iphoneos*]" = "iPhone Developer";
				COPY_PHASE_STRIP = NO;
				DEBUG_INFORMATION_FORMAT = dwarf;
				ENABLE_STRICT_OBJC_MSGSEND = YES;
				ENABLE_TESTABILITY = YES;
				GCC_C_LANGUAGE_STANDARD = gnu99;
				GCC_DYNAMIC_NO_PIC = NO;
				GCC_NO_COMMON_BLOCKS = YES;
				GCC_OPTIMIZATION_LEVEL = 0;
				GCC_PREPROCESSOR_DEFINITIONS = (
					"DEBUG=1",
					"$(inherited)",
				);
				GCC_WARN_64_TO_32_BIT_CONVERSION = YES;
				GCC_WARN_ABOUT_RETURN_TYPE = YES_ERROR;
				GCC_WARN_UNDECLARED_SELECTOR = YES;
				GCC_WARN_UNINITIALIZED_AUTOS = YES_AGGRESSIVE;
				GCC_WARN_UNUSED_FUNCTION = YES;
				GCC_WARN_UNUSED_VARIABLE = YES;
				IPHONEOS_DEPLOYMENT_TARGET = 10.3;
				MTL_ENABLE_DEBUG_INFO = YES;
				ONLY_ACTIVE_ARCH = YES;
				SDKROOT = iphoneos;
				SWIFT_ACTIVE_COMPILATION_CONDITIONS = DEBUG;
				SWIFT_OPTIMIZATION_LEVEL = "-Onone";
			};
			name = Debug;
		};
		DAFFF8F81F163E0400AF6771 /* Release */ = {
			isa = XCBuildConfiguration;
			buildSettings = {
				ALWAYS_SEARCH_USER_PATHS = NO;
				CLANG_ANALYZER_NONNULL = YES;
				CLANG_ANALYZER_NUMBER_OBJECT_CONVERSION = YES_AGGRESSIVE;
				CLANG_CXX_LANGUAGE_STANDARD = "gnu++0x";
				CLANG_CXX_LIBRARY = "libc++";
				CLANG_ENABLE_MODULES = YES;
				CLANG_ENABLE_OBJC_ARC = YES;
				CLANG_WARN_BOOL_CONVERSION = YES;
				CLANG_WARN_CONSTANT_CONVERSION = YES;
				CLANG_WARN_DIRECT_OBJC_ISA_USAGE = YES_ERROR;
				CLANG_WARN_DOCUMENTATION_COMMENTS = YES;
				CLANG_WARN_EMPTY_BODY = YES;
				CLANG_WARN_ENUM_CONVERSION = YES;
				CLANG_WARN_INFINITE_RECURSION = YES;
				CLANG_WARN_INT_CONVERSION = YES;
				CLANG_WARN_OBJC_ROOT_CLASS = YES_ERROR;
				CLANG_WARN_SUSPICIOUS_MOVE = YES;
				CLANG_WARN_UNREACHABLE_CODE = YES;
				CLANG_WARN__DUPLICATE_METHOD_MATCH = YES;
				"CODE_SIGN_IDENTITY[sdk=iphoneos*]" = "iPhone Developer";
				COPY_PHASE_STRIP = NO;
				DEBUG_INFORMATION_FORMAT = "dwarf-with-dsym";
				ENABLE_NS_ASSERTIONS = NO;
				ENABLE_STRICT_OBJC_MSGSEND = YES;
				GCC_C_LANGUAGE_STANDARD = gnu99;
				GCC_NO_COMMON_BLOCKS = YES;
				GCC_WARN_64_TO_32_BIT_CONVERSION = YES;
				GCC_WARN_ABOUT_RETURN_TYPE = YES_ERROR;
				GCC_WARN_UNDECLARED_SELECTOR = YES;
				GCC_WARN_UNINITIALIZED_AUTOS = YES_AGGRESSIVE;
				GCC_WARN_UNUSED_FUNCTION = YES;
				GCC_WARN_UNUSED_VARIABLE = YES;
				IPHONEOS_DEPLOYMENT_TARGET = 10.3;
				MTL_ENABLE_DEBUG_INFO = NO;
				SDKROOT = iphoneos;
				SWIFT_OPTIMIZATION_LEVEL = "-Owholemodule";
				VALIDATE_PRODUCT = YES;
			};
			name = Release;
		};
		DAFFF8FA1F163E0400AF6771 /* Debug */ = {
			isa = XCBuildConfiguration;
			baseConfigurationReference = 06EC804A4DFF71C69DBEAB78 /* Pods-fights.debug.xcconfig */;
			buildSettings = {
				ASSETCATALOG_COMPILER_APPICON_NAME = AppIcon;
				DEVELOPMENT_TEAM = 4RWLL37A47;
				INFOPLIST_FILE = fights/Info.plist;
				IPHONEOS_DEPLOYMENT_TARGET = 10.0;
				LD_RUNPATH_SEARCH_PATHS = "$(inherited) @executable_path/Frameworks";
				PRODUCT_BUNDLE_IDENTIFIER = makub.styleru;
				PRODUCT_NAME = "$(TARGET_NAME)";
				SWIFT_VERSION = 3.0;
			};
			name = Debug;
		};
		DAFFF8FB1F163E0400AF6771 /* Release */ = {
			isa = XCBuildConfiguration;
			baseConfigurationReference = DD694CE643160B9CE9140F59 /* Pods-fights.release.xcconfig */;
			buildSettings = {
				ASSETCATALOG_COMPILER_APPICON_NAME = AppIcon;
				DEVELOPMENT_TEAM = 4RWLL37A47;
				INFOPLIST_FILE = fights/Info.plist;
				IPHONEOS_DEPLOYMENT_TARGET = 10.0;
				LD_RUNPATH_SEARCH_PATHS = "$(inherited) @executable_path/Frameworks";
				PRODUCT_BUNDLE_IDENTIFIER = makub.styleru;
				PRODUCT_NAME = "$(TARGET_NAME)";
				SWIFT_VERSION = 3.0;
			};
			name = Release;
		};
/* End XCBuildConfiguration section */

/* Begin XCConfigurationList section */
		DAFFF8DF1F163E0400AF6771 /* Build configuration list for PBXProject "fights" */ = {
			isa = XCConfigurationList;
			buildConfigurations = (
				DAFFF8F71F163E0400AF6771 /* Debug */,
				DAFFF8F81F163E0400AF6771 /* Release */,
			);
			defaultConfigurationIsVisible = 0;
			defaultConfigurationName = Release;
		};
		DAFFF8F91F163E0400AF6771 /* Build configuration list for PBXNativeTarget "fights" */ = {
			isa = XCConfigurationList;
			buildConfigurations = (
				DAFFF8FA1F163E0400AF6771 /* Debug */,
				DAFFF8FB1F163E0400AF6771 /* Release */,
			);
			defaultConfigurationIsVisible = 0;
			defaultConfigurationName = Release;
		};
/* End XCConfigurationList section */

/* Begin XCVersionGroup section */
		DAFFF8EE1F163E0400AF6771 /* fights.xcdatamodeld */ = {
			isa = XCVersionGroup;
			children = (
				DAFFF8EF1F163E0400AF6771 /* fights.xcdatamodel */,
			);
			currentVersion = DAFFF8EF1F163E0400AF6771 /* fights.xcdatamodel */;
			path = fights.xcdatamodeld;
			sourceTree = "<group>";
			versionGroupType = wrapper.xcdatamodel;
		};
/* End XCVersionGroup section */
	};
	rootObject = DAFFF8DC1F163E0400AF6771 /* Project object */;
}
